// !$*UTF8*$!
{
	archiveVersion = 1;
	classes = {
	};
	objectVersion = 55;
	objects = {

/* Begin PBXBuildFile section */
		179E81DCA61182BE5EE7B17C /* Pods_MyBookReader.framework in Frameworks */ = {isa = PBXBuildFile; fileRef = 4044DA90AA96A037C2A21BC9 /* Pods_MyBookReader.framework */; };
		348E57F3298C80BE00EE0858 /* BookCollectionViewCell.swift in Sources */ = {isa = PBXBuildFile; fileRef = 348E57F1298C80BE00EE0858 /* BookCollectionViewCell.swift */; };
		348E57F4298C80BE00EE0858 /* BookCollectionViewCell.xib in Resources */ = {isa = PBXBuildFile; fileRef = 348E57F2298C80BE00EE0858 /* BookCollectionViewCell.xib */; };
		348E57F7298C80DD00EE0858 /* BookTableViewCell.swift in Sources */ = {isa = PBXBuildFile; fileRef = 348E57F5298C80DD00EE0858 /* BookTableViewCell.swift */; };
		348E57F8298C80DD00EE0858 /* BookTableViewCell.xib in Resources */ = {isa = PBXBuildFile; fileRef = 348E57F6298C80DD00EE0858 /* BookTableViewCell.xib */; };
		348E57FF298E19F300EE0858 /* BookCollectionTableViewCell.swift in Sources */ = {isa = PBXBuildFile; fileRef = 348E57FD298E19F300EE0858 /* BookCollectionTableViewCell.swift */; };
		348E5800298E19F300EE0858 /* BookCollectionTableViewCell.xib in Resources */ = {isa = PBXBuildFile; fileRef = 348E57FE298E19F300EE0858 /* BookCollectionTableViewCell.xib */; };
		348E5802298E3CDC00EE0858 /* ApiManager+RegisterAPI.swift in Sources */ = {isa = PBXBuildFile; fileRef = 348E5801298E3CDC00EE0858 /* ApiManager+RegisterAPI.swift */; };
		348E5804298E3E2700EE0858 /* BookItem.swift in Sources */ = {isa = PBXBuildFile; fileRef = 348E5803298E3E2700EE0858 /* BookItem.swift */; };
		34DFE95229893AA6003EF567 /* AppDelegate.swift in Sources */ = {isa = PBXBuildFile; fileRef = 34DFE95129893AA6003EF567 /* AppDelegate.swift */; };
		34DFE95429893AA6003EF567 /* SceneDelegate.swift in Sources */ = {isa = PBXBuildFile; fileRef = 34DFE95329893AA6003EF567 /* SceneDelegate.swift */; };
		34DFE95929893AA6003EF567 /* Main.storyboard in Resources */ = {isa = PBXBuildFile; fileRef = 34DFE95729893AA6003EF567 /* Main.storyboard */; };
		34DFE95B29893AA8003EF567 /* Assets.xcassets in Resources */ = {isa = PBXBuildFile; fileRef = 34DFE95A29893AA8003EF567 /* Assets.xcassets */; };
		34DFE95E29893AA8003EF567 /* LaunchScreen.storyboard in Resources */ = {isa = PBXBuildFile; fileRef = 34DFE95C29893AA8003EF567 /* LaunchScreen.storyboard */; };
		34DFE983298979FB003EF567 /* UIImageView+Extension.swift in Sources */ = {isa = PBXBuildFile; fileRef = 34DFE966298979FA003EF567 /* UIImageView+Extension.swift */; };
		34DFE984298979FB003EF567 /* UIColor+Extensions.swift in Sources */ = {isa = PBXBuildFile; fileRef = 34DFE967298979FA003EF567 /* UIColor+Extensions.swift */; };
		34DFE986298979FB003EF567 /* Notification+Extension.swift in Sources */ = {isa = PBXBuildFile; fileRef = 34DFE969298979FA003EF567 /* Notification+Extension.swift */; };
		34DFE987298979FB003EF567 /* UITextView+Extension.swift in Sources */ = {isa = PBXBuildFile; fileRef = 34DFE96A298979FA003EF567 /* UITextView+Extension.swift */; };
		34DFE988298979FB003EF567 /* UITextField+Extension.swift in Sources */ = {isa = PBXBuildFile; fileRef = 34DFE96B298979FA003EF567 /* UITextField+Extension.swift */; };
		34DFE989298979FB003EF567 /* AlertHelper.swift in Sources */ = {isa = PBXBuildFile; fileRef = 34DFE96D298979FA003EF567 /* AlertHelper.swift */; };
		34DFE98A298979FB003EF567 /* SafeDispatch.swift in Sources */ = {isa = PBXBuildFile; fileRef = 34DFE96E298979FA003EF567 /* SafeDispatch.swift */; };
		34DFE98B298979FB003EF567 /* SlideMenuController.swift in Sources */ = {isa = PBXBuildFile; fileRef = 34DFE970298979FB003EF567 /* SlideMenuController.swift */; };
		34DFE98C298979FB003EF567 /* TPKeyboardAvoidingSwift.swift in Sources */ = {isa = PBXBuildFile; fileRef = 34DFE971298979FB003EF567 /* TPKeyboardAvoidingSwift.swift */; };
		34DFE991298979FB003EF567 /* ApiManager.swift in Sources */ = {isa = PBXBuildFile; fileRef = 34DFE977298979FB003EF567 /* ApiManager.swift */; };
		34DFE997298979FB003EF567 /* Type.swift in Sources */ = {isa = PBXBuildFile; fileRef = 34DFE97E298979FB003EF567 /* Type.swift */; };
		34DFE998298979FB003EF567 /* ResultAccount.swift in Sources */ = {isa = PBXBuildFile; fileRef = 34DFE97F298979FB003EF567 /* ResultAccount.swift */; };
		34DFE999298979FB003EF567 /* Issue.swift in Sources */ = {isa = PBXBuildFile; fileRef = 34DFE980298979FB003EF567 /* Issue.swift */; };
		34DFE99A298979FB003EF567 /* Media.swift in Sources */ = {isa = PBXBuildFile; fileRef = 34DFE981298979FB003EF567 /* Media.swift */; };
		34DFE99B298979FB003EF567 /* Menu.swift in Sources */ = {isa = PBXBuildFile; fileRef = 34DFE982298979FB003EF567 /* Menu.swift */; };
		34DFE99D298982CD003EF567 /* ApiNameManager.swift in Sources */ = {isa = PBXBuildFile; fileRef = 34DFE99C298982CD003EF567 /* ApiNameManager.swift */; };
		34F8F429298A7534008F38D2 /* Book.swift in Sources */ = {isa = PBXBuildFile; fileRef = 34F8F428298A7534008F38D2 /* Book.swift */; };
		34F8F441298AA0A4008F38D2 /* AccountViewController.swift in Sources */ = {isa = PBXBuildFile; fileRef = 34F8F440298AA0A4008F38D2 /* AccountViewController.swift */; };
		34F8F443298AA0B1008F38D2 /* SearchViewController.swift in Sources */ = {isa = PBXBuildFile; fileRef = 34F8F442298AA0B1008F38D2 /* SearchViewController.swift */; };
		34F8F445298AA0BD008F38D2 /* LibraryViewController.swift in Sources */ = {isa = PBXBuildFile; fileRef = 34F8F444298AA0BD008F38D2 /* LibraryViewController.swift */; };
		34F8F447298AA0CA008F38D2 /* HomeViewController.swift in Sources */ = {isa = PBXBuildFile; fileRef = 34F8F446298AA0CA008F38D2 /* HomeViewController.swift */; };
		34F8F449298AA19E008F38D2 /* HttpRequest.swift in Sources */ = {isa = PBXBuildFile; fileRef = 34F8F448298AA19E008F38D2 /* HttpRequest.swift */; };
/* End PBXBuildFile section */

/* Begin PBXFileReference section */
		000CBC2DC85C2D05E09875B0 /* Pods-MyBookReader.release.xcconfig */ = {isa = PBXFileReference; includeInIndex = 1; lastKnownFileType = text.xcconfig; name = "Pods-MyBookReader.release.xcconfig"; path = "Target Support Files/Pods-MyBookReader/Pods-MyBookReader.release.xcconfig"; sourceTree = "<group>"; };
		348E57F1298C80BE00EE0858 /* BookCollectionViewCell.swift */ = {isa = PBXFileReference; lastKnownFileType = sourcecode.swift; path = BookCollectionViewCell.swift; sourceTree = "<group>"; };
		348E57F2298C80BE00EE0858 /* BookCollectionViewCell.xib */ = {isa = PBXFileReference; lastKnownFileType = file.xib; path = BookCollectionViewCell.xib; sourceTree = "<group>"; };
		348E57F5298C80DD00EE0858 /* BookTableViewCell.swift */ = {isa = PBXFileReference; lastKnownFileType = sourcecode.swift; path = BookTableViewCell.swift; sourceTree = "<group>"; };
		348E57F6298C80DD00EE0858 /* BookTableViewCell.xib */ = {isa = PBXFileReference; lastKnownFileType = file.xib; path = BookTableViewCell.xib; sourceTree = "<group>"; };
		348E57FD298E19F300EE0858 /* BookCollectionTableViewCell.swift */ = {isa = PBXFileReference; lastKnownFileType = sourcecode.swift; path = BookCollectionTableViewCell.swift; sourceTree = "<group>"; };
		348E57FE298E19F300EE0858 /* BookCollectionTableViewCell.xib */ = {isa = PBXFileReference; lastKnownFileType = file.xib; path = BookCollectionTableViewCell.xib; sourceTree = "<group>"; };
		348E5801298E3CDC00EE0858 /* ApiManager+RegisterAPI.swift */ = {isa = PBXFileReference; lastKnownFileType = sourcecode.swift; path = "ApiManager+RegisterAPI.swift"; sourceTree = "<group>"; };
		348E5803298E3E2700EE0858 /* BookItem.swift */ = {isa = PBXFileReference; lastKnownFileType = sourcecode.swift; path = BookItem.swift; sourceTree = "<group>"; };
		34DFE94E29893AA6003EF567 /* MyBookReader.app */ = {isa = PBXFileReference; explicitFileType = wrapper.application; includeInIndex = 0; path = MyBookReader.app; sourceTree = BUILT_PRODUCTS_DIR; };
		34DFE95129893AA6003EF567 /* AppDelegate.swift */ = {isa = PBXFileReference; lastKnownFileType = sourcecode.swift; path = AppDelegate.swift; sourceTree = "<group>"; };
		34DFE95329893AA6003EF567 /* SceneDelegate.swift */ = {isa = PBXFileReference; lastKnownFileType = sourcecode.swift; path = SceneDelegate.swift; sourceTree = "<group>"; };
		34DFE95829893AA6003EF567 /* Base */ = {isa = PBXFileReference; lastKnownFileType = file.storyboard; name = Base; path = Base.lproj/Main.storyboard; sourceTree = "<group>"; };
		34DFE95A29893AA8003EF567 /* Assets.xcassets */ = {isa = PBXFileReference; lastKnownFileType = folder.assetcatalog; path = Assets.xcassets; sourceTree = "<group>"; };
		34DFE95D29893AA8003EF567 /* Base */ = {isa = PBXFileReference; lastKnownFileType = file.storyboard; name = Base; path = Base.lproj/LaunchScreen.storyboard; sourceTree = "<group>"; };
		34DFE95F29893AA8003EF567 /* Info.plist */ = {isa = PBXFileReference; lastKnownFileType = text.plist.xml; path = Info.plist; sourceTree = "<group>"; };
		34DFE966298979FA003EF567 /* UIImageView+Extension.swift */ = {isa = PBXFileReference; fileEncoding = 4; lastKnownFileType = sourcecode.swift; path = "UIImageView+Extension.swift"; sourceTree = "<group>"; };
		34DFE967298979FA003EF567 /* UIColor+Extensions.swift */ = {isa = PBXFileReference; fileEncoding = 4; lastKnownFileType = sourcecode.swift; path = "UIColor+Extensions.swift"; sourceTree = "<group>"; };
		34DFE969298979FA003EF567 /* Notification+Extension.swift */ = {isa = PBXFileReference; fileEncoding = 4; lastKnownFileType = sourcecode.swift; path = "Notification+Extension.swift"; sourceTree = "<group>"; };
		34DFE96A298979FA003EF567 /* UITextView+Extension.swift */ = {isa = PBXFileReference; fileEncoding = 4; lastKnownFileType = sourcecode.swift; path = "UITextView+Extension.swift"; sourceTree = "<group>"; };
		34DFE96B298979FA003EF567 /* UITextField+Extension.swift */ = {isa = PBXFileReference; fileEncoding = 4; lastKnownFileType = sourcecode.swift; path = "UITextField+Extension.swift"; sourceTree = "<group>"; };
		34DFE96D298979FA003EF567 /* AlertHelper.swift */ = {isa = PBXFileReference; fileEncoding = 4; lastKnownFileType = sourcecode.swift; path = AlertHelper.swift; sourceTree = "<group>"; };
		34DFE96E298979FA003EF567 /* SafeDispatch.swift */ = {isa = PBXFileReference; fileEncoding = 4; lastKnownFileType = sourcecode.swift; path = SafeDispatch.swift; sourceTree = "<group>"; };
		34DFE970298979FB003EF567 /* SlideMenuController.swift */ = {isa = PBXFileReference; fileEncoding = 4; lastKnownFileType = sourcecode.swift; path = SlideMenuController.swift; sourceTree = "<group>"; };
		34DFE971298979FB003EF567 /* TPKeyboardAvoidingSwift.swift */ = {isa = PBXFileReference; fileEncoding = 4; lastKnownFileType = sourcecode.swift; path = TPKeyboardAvoidingSwift.swift; sourceTree = "<group>"; };
		34DFE977298979FB003EF567 /* ApiManager.swift */ = {isa = PBXFileReference; fileEncoding = 4; lastKnownFileType = sourcecode.swift; path = ApiManager.swift; sourceTree = "<group>"; };
		34DFE97E298979FB003EF567 /* Type.swift */ = {isa = PBXFileReference; fileEncoding = 4; lastKnownFileType = sourcecode.swift; path = Type.swift; sourceTree = "<group>"; };
		34DFE97F298979FB003EF567 /* ResultAccount.swift */ = {isa = PBXFileReference; fileEncoding = 4; lastKnownFileType = sourcecode.swift; path = ResultAccount.swift; sourceTree = "<group>"; };
		34DFE980298979FB003EF567 /* Issue.swift */ = {isa = PBXFileReference; fileEncoding = 4; lastKnownFileType = sourcecode.swift; path = Issue.swift; sourceTree = "<group>"; };
		34DFE981298979FB003EF567 /* Media.swift */ = {isa = PBXFileReference; fileEncoding = 4; lastKnownFileType = sourcecode.swift; path = Media.swift; sourceTree = "<group>"; };
		34DFE982298979FB003EF567 /* Menu.swift */ = {isa = PBXFileReference; fileEncoding = 4; lastKnownFileType = sourcecode.swift; path = Menu.swift; sourceTree = "<group>"; };
		34DFE99C298982CD003EF567 /* ApiNameManager.swift */ = {isa = PBXFileReference; fileEncoding = 4; lastKnownFileType = sourcecode.swift; path = ApiNameManager.swift; sourceTree = "<group>"; };
		34F8F428298A7534008F38D2 /* Book.swift */ = {isa = PBXFileReference; lastKnownFileType = sourcecode.swift; path = Book.swift; sourceTree = "<group>"; };
		34F8F440298AA0A4008F38D2 /* AccountViewController.swift */ = {isa = PBXFileReference; lastKnownFileType = sourcecode.swift; path = AccountViewController.swift; sourceTree = "<group>"; };
		34F8F442298AA0B1008F38D2 /* SearchViewController.swift */ = {isa = PBXFileReference; lastKnownFileType = sourcecode.swift; path = SearchViewController.swift; sourceTree = "<group>"; };
		34F8F444298AA0BD008F38D2 /* LibraryViewController.swift */ = {isa = PBXFileReference; lastKnownFileType = sourcecode.swift; path = LibraryViewController.swift; sourceTree = "<group>"; };
		34F8F446298AA0CA008F38D2 /* HomeViewController.swift */ = {isa = PBXFileReference; lastKnownFileType = sourcecode.swift; path = HomeViewController.swift; sourceTree = "<group>"; };
		34F8F448298AA19E008F38D2 /* HttpRequest.swift */ = {isa = PBXFileReference; lastKnownFileType = sourcecode.swift; path = HttpRequest.swift; sourceTree = "<group>"; };
		4044DA90AA96A037C2A21BC9 /* Pods_MyBookReader.framework */ = {isa = PBXFileReference; explicitFileType = wrapper.framework; includeInIndex = 0; path = Pods_MyBookReader.framework; sourceTree = BUILT_PRODUCTS_DIR; };
		7F1E8217E1B999D1306323D8 /* Pods-MyBookReader.debug.xcconfig */ = {isa = PBXFileReference; includeInIndex = 1; lastKnownFileType = text.xcconfig; name = "Pods-MyBookReader.debug.xcconfig"; path = "Target Support Files/Pods-MyBookReader/Pods-MyBookReader.debug.xcconfig"; sourceTree = "<group>"; };
/* End PBXFileReference section */

/* Begin PBXFrameworksBuildPhase section */
		34DFE94B29893AA6003EF567 /* Frameworks */ = {
			isa = PBXFrameworksBuildPhase;
			buildActionMask = 2147483647;
			files = (
				179E81DCA61182BE5EE7B17C /* Pods_MyBookReader.framework in Frameworks */,
			);
			runOnlyForDeploymentPostprocessing = 0;
		};
/* End PBXFrameworksBuildPhase section */

/* Begin PBXGroup section */
		348E57F0298C806B00EE0858 /* Cells */ = {
			isa = PBXGroup;
			children = (
				348E57F1298C80BE00EE0858 /* BookCollectionViewCell.swift */,
				348E57F2298C80BE00EE0858 /* BookCollectionViewCell.xib */,
				348E57F5298C80DD00EE0858 /* BookTableViewCell.swift */,
				348E57F6298C80DD00EE0858 /* BookTableViewCell.xib */,
				348E57FD298E19F300EE0858 /* BookCollectionTableViewCell.swift */,
				348E57FE298E19F300EE0858 /* BookCollectionTableViewCell.xib */,
			);
			path = Cells;
			sourceTree = "<group>";
		};
		34DFE94529893AA6003EF567 = {
			isa = PBXGroup;
			children = (
				34DFE95029893AA6003EF567 /* MyBookReader */,
				34DFE94F29893AA6003EF567 /* Products */,
				6C80ECB644261D100C45AA57 /* Pods */,
				9EC614FF9BFB70928DD6B684 /* Frameworks */,
			);
			sourceTree = "<group>";
		};
		34DFE94F29893AA6003EF567 /* Products */ = {
			isa = PBXGroup;
			children = (
				34DFE94E29893AA6003EF567 /* MyBookReader.app */,
			);
			name = Products;
			sourceTree = "<group>";
		};
		34DFE95029893AA6003EF567 /* MyBookReader */ = {
			isa = PBXGroup;
			children = (
				34DFE95129893AA6003EF567 /* AppDelegate.swift */,
				34DFE95329893AA6003EF567 /* SceneDelegate.swift */,
				34DFE95729893AA6003EF567 /* Main.storyboard */,
				34F8F42B298A9BD9008F38D2 /* Controllers */,
				34DFE965298979FA003EF567 /* Extensions */,
				34DFE96C298979FA003EF567 /* Helpers */,
				34DFE96F298979FB003EF567 /* Libraries */,
				34DFE972298979FB003EF567 /* ManagerAPI */,
				34DFE97D298979FB003EF567 /* Models */,
				34DFE95A29893AA8003EF567 /* Assets.xcassets */,
				34DFE95C29893AA8003EF567 /* LaunchScreen.storyboard */,
				34DFE95F29893AA8003EF567 /* Info.plist */,
			);
			path = MyBookReader;
			sourceTree = "<group>";
		};
		34DFE965298979FA003EF567 /* Extensions */ = {
			isa = PBXGroup;
			children = (
				34DFE966298979FA003EF567 /* UIImageView+Extension.swift */,
				34DFE967298979FA003EF567 /* UIColor+Extensions.swift */,
				34DFE969298979FA003EF567 /* Notification+Extension.swift */,
				34DFE96A298979FA003EF567 /* UITextView+Extension.swift */,
				34DFE96B298979FA003EF567 /* UITextField+Extension.swift */,
			);
			path = Extensions;
			sourceTree = "<group>";
		};
		34DFE96C298979FA003EF567 /* Helpers */ = {
			isa = PBXGroup;
			children = (
				34DFE96D298979FA003EF567 /* AlertHelper.swift */,
				34DFE96E298979FA003EF567 /* SafeDispatch.swift */,
			);
			path = Helpers;
			sourceTree = "<group>";
		};
		34DFE96F298979FB003EF567 /* Libraries */ = {
			isa = PBXGroup;
			children = (
				34DFE970298979FB003EF567 /* SlideMenuController.swift */,
				34DFE971298979FB003EF567 /* TPKeyboardAvoidingSwift.swift */,
			);
			path = Libraries;
			sourceTree = "<group>";
		};
		34DFE972298979FB003EF567 /* ManagerAPI */ = {
			isa = PBXGroup;
			children = (
				34DFE977298979FB003EF567 /* ApiManager.swift */,
				34DFE99C298982CD003EF567 /* ApiNameManager.swift */,
				34F8F448298AA19E008F38D2 /* HttpRequest.swift */,
				348E5801298E3CDC00EE0858 /* ApiManager+RegisterAPI.swift */,
			);
			path = ManagerAPI;
			sourceTree = "<group>";
		};
		34DFE97D298979FB003EF567 /* Models */ = {
			isa = PBXGroup;
			children = (
				34DFE97E298979FB003EF567 /* Type.swift */,
				34DFE97F298979FB003EF567 /* ResultAccount.swift */,
				34DFE980298979FB003EF567 /* Issue.swift */,
				34DFE981298979FB003EF567 /* Media.swift */,
				34DFE982298979FB003EF567 /* Menu.swift */,
				34F8F428298A7534008F38D2 /* Book.swift */,
				348E5803298E3E2700EE0858 /* BookItem.swift */,
			);
			path = Models;
			sourceTree = "<group>";
		};
		34F8F42B298A9BD9008F38D2 /* Controllers */ = {
			isa = PBXGroup;
			children = (
				34F8F446298AA0CA008F38D2 /* HomeViewController.swift */,
				34F8F444298AA0BD008F38D2 /* LibraryViewController.swift */,
				34F8F442298AA0B1008F38D2 /* SearchViewController.swift */,
				34F8F440298AA0A4008F38D2 /* AccountViewController.swift */,
				348E57F0298C806B00EE0858 /* Cells */,
			);
			path = Controllers;
			sourceTree = "<group>";
		};
		6C80ECB644261D100C45AA57 /* Pods */ = {
			isa = PBXGroup;
			children = (
				7F1E8217E1B999D1306323D8 /* Pods-MyBookReader.debug.xcconfig */,
				000CBC2DC85C2D05E09875B0 /* Pods-MyBookReader.release.xcconfig */,
			);
			path = Pods;
			sourceTree = "<group>";
		};
		9EC614FF9BFB70928DD6B684 /* Frameworks */ = {
			isa = PBXGroup;
			children = (
				4044DA90AA96A037C2A21BC9 /* Pods_MyBookReader.framework */,
			);
			name = Frameworks;
			sourceTree = "<group>";
		};
/* End PBXGroup section */

/* Begin PBXNativeTarget section */
		34DFE94D29893AA6003EF567 /* MyBookReader */ = {
			isa = PBXNativeTarget;
			buildConfigurationList = 34DFE96229893AA8003EF567 /* Build configuration list for PBXNativeTarget "MyBookReader" */;
			buildPhases = (
				01A1973BC041B1A555093720 /* [CP] Check Pods Manifest.lock */,
				34DFE94A29893AA6003EF567 /* Sources */,
				34DFE94B29893AA6003EF567 /* Frameworks */,
				34DFE94C29893AA6003EF567 /* Resources */,
				3C9C5E9E4B5F4ECC12B5EA0E /* [CP] Embed Pods Frameworks */,
			);
			buildRules = (
			);
			dependencies = (
			);
			name = MyBookReader;
			productName = MyBookReader;
			productReference = 34DFE94E29893AA6003EF567 /* MyBookReader.app */;
			productType = "com.apple.product-type.application";
		};
/* End PBXNativeTarget section */

/* Begin PBXProject section */
		34DFE94629893AA6003EF567 /* Project object */ = {
			isa = PBXProject;
			attributes = {
				BuildIndependentTargetsInParallel = 1;
				LastSwiftUpdateCheck = 1400;
				LastUpgradeCheck = 1400;
				TargetAttributes = {
					34DFE94D29893AA6003EF567 = {
						CreatedOnToolsVersion = 14.0.1;
					};
				};
			};
			buildConfigurationList = 34DFE94929893AA6003EF567 /* Build configuration list for PBXProject "MyBookReader" */;
			compatibilityVersion = "Xcode 13.0";
			developmentRegion = en;
			hasScannedForEncodings = 0;
			knownRegions = (
				en,
				Base,
			);
			mainGroup = 34DFE94529893AA6003EF567;
			productRefGroup = 34DFE94F29893AA6003EF567 /* Products */;
			projectDirPath = "";
			projectRoot = "";
			targets = (
				34DFE94D29893AA6003EF567 /* MyBookReader */,
			);
		};
/* End PBXProject section */

/* Begin PBXResourcesBuildPhase section */
		34DFE94C29893AA6003EF567 /* Resources */ = {
			isa = PBXResourcesBuildPhase;
			buildActionMask = 2147483647;
			files = (
				34DFE95E29893AA8003EF567 /* LaunchScreen.storyboard in Resources */,
				348E57F4298C80BE00EE0858 /* BookCollectionViewCell.xib in Resources */,
				34DFE95B29893AA8003EF567 /* Assets.xcassets in Resources */,
				34DFE95929893AA6003EF567 /* Main.storyboard in Resources */,
				348E5800298E19F300EE0858 /* BookCollectionTableViewCell.xib in Resources */,
				348E57F8298C80DD00EE0858 /* BookTableViewCell.xib in Resources */,
			);
			runOnlyForDeploymentPostprocessing = 0;
		};
/* End PBXResourcesBuildPhase section */

/* Begin PBXShellScriptBuildPhase section */
		01A1973BC041B1A555093720 /* [CP] Check Pods Manifest.lock */ = {
			isa = PBXShellScriptBuildPhase;
			buildActionMask = 2147483647;
			files = (
			);
			inputFileListPaths = (
			);
			inputPaths = (
				"${PODS_PODFILE_DIR_PATH}/Podfile.lock",
				"${PODS_ROOT}/Manifest.lock",
			);
			name = "[CP] Check Pods Manifest.lock";
			outputFileListPaths = (
			);
			outputPaths = (
				"$(DERIVED_FILE_DIR)/Pods-MyBookReader-checkManifestLockResult.txt",
			);
			runOnlyForDeploymentPostprocessing = 0;
			shellPath = /bin/sh;
			shellScript = "diff \"${PODS_PODFILE_DIR_PATH}/Podfile.lock\" \"${PODS_ROOT}/Manifest.lock\" > /dev/null\nif [ $? != 0 ] ; then\n    # print error to STDERR\n    echo \"error: The sandbox is not in sync with the Podfile.lock. Run 'pod install' or update your CocoaPods installation.\" >&2\n    exit 1\nfi\n# This output is used by Xcode 'outputs' to avoid re-running this script phase.\necho \"SUCCESS\" > \"${SCRIPT_OUTPUT_FILE_0}\"\n";
			showEnvVarsInLog = 0;
		};
		3C9C5E9E4B5F4ECC12B5EA0E /* [CP] Embed Pods Frameworks */ = {
			isa = PBXShellScriptBuildPhase;
			buildActionMask = 2147483647;
			files = (
			);
			inputFileListPaths = (
				"${PODS_ROOT}/Target Support Files/Pods-MyBookReader/Pods-MyBookReader-frameworks-${CONFIGURATION}-input-files.xcfilelist",
			);
			name = "[CP] Embed Pods Frameworks";
			outputFileListPaths = (
				"${PODS_ROOT}/Target Support Files/Pods-MyBookReader/Pods-MyBookReader-frameworks-${CONFIGURATION}-output-files.xcfilelist",
			);
			runOnlyForDeploymentPostprocessing = 0;
			shellPath = /bin/sh;
			shellScript = "\"${PODS_ROOT}/Target Support Files/Pods-MyBookReader/Pods-MyBookReader-frameworks.sh\"\n";
			showEnvVarsInLog = 0;
		};
/* End PBXShellScriptBuildPhase section */

/* Begin PBXSourcesBuildPhase section */
		34DFE94A29893AA6003EF567 /* Sources */ = {
			isa = PBXSourcesBuildPhase;
			buildActionMask = 2147483647;
			files = (
				34F8F445298AA0BD008F38D2 /* LibraryViewController.swift in Sources */,
				34DFE99B298979FB003EF567 /* Menu.swift in Sources */,
				348E57F7298C80DD00EE0858 /* BookTableViewCell.swift in Sources */,
				34DFE988298979FB003EF567 /* UITextField+Extension.swift in Sources */,
				34F8F441298AA0A4008F38D2 /* AccountViewController.swift in Sources */,
				34DFE999298979FB003EF567 /* Issue.swift in Sources */,
				348E57FF298E19F300EE0858 /* BookCollectionTableViewCell.swift in Sources */,
				34DFE99A298979FB003EF567 /* Media.swift in Sources */,
				34F8F449298AA19E008F38D2 /* HttpRequest.swift in Sources */,
				34DFE98A298979FB003EF567 /* SafeDispatch.swift in Sources */,
				34DFE984298979FB003EF567 /* UIColor+Extensions.swift in Sources */,
				34DFE987298979FB003EF567 /* UITextView+Extension.swift in Sources */,
				34F8F429298A7534008F38D2 /* Book.swift in Sources */,
				34F8F447298AA0CA008F38D2 /* HomeViewController.swift in Sources */,
				34DFE95229893AA6003EF567 /* AppDelegate.swift in Sources */,
				348E57F3298C80BE00EE0858 /* BookCollectionViewCell.swift in Sources */,
				34DFE991298979FB003EF567 /* ApiManager.swift in Sources */,
				34F8F443298AA0B1008F38D2 /* SearchViewController.swift in Sources */,
				34DFE986298979FB003EF567 /* Notification+Extension.swift in Sources */,
				34DFE983298979FB003EF567 /* UIImageView+Extension.swift in Sources */,
				34DFE98C298979FB003EF567 /* TPKeyboardAvoidingSwift.swift in Sources */,
				34DFE989298979FB003EF567 /* AlertHelper.swift in Sources */,
				34DFE998298979FB003EF567 /* ResultAccount.swift in Sources */,
				34DFE98B298979FB003EF567 /* SlideMenuController.swift in Sources */,
				34DFE99D298982CD003EF567 /* ApiNameManager.swift in Sources */,
				34DFE95429893AA6003EF567 /* SceneDelegate.swift in Sources */,
				348E5802298E3CDC00EE0858 /* ApiManager+RegisterAPI.swift in Sources */,
				34DFE997298979FB003EF567 /* Type.swift in Sources */,
				348E5804298E3E2700EE0858 /* BookItem.swift in Sources */,
			);
			runOnlyForDeploymentPostprocessing = 0;
		};
/* End PBXSourcesBuildPhase section */

/* Begin PBXVariantGroup section */
		34DFE95729893AA6003EF567 /* Main.storyboard */ = {
			isa = PBXVariantGroup;
			children = (
				34DFE95829893AA6003EF567 /* Base */,
			);
			name = Main.storyboard;
			sourceTree = "<group>";
		};
		34DFE95C29893AA8003EF567 /* LaunchScreen.storyboard */ = {
			isa = PBXVariantGroup;
			children = (
				34DFE95D29893AA8003EF567 /* Base */,
			);
			name = LaunchScreen.storyboard;
			sourceTree = "<group>";
		};
/* End PBXVariantGroup section */

/* Begin XCBuildConfiguration section */
		34DFE96029893AA8003EF567 /* Debug */ = {
			isa = XCBuildConfiguration;
			buildSettings = {
				ALWAYS_SEARCH_USER_PATHS = NO;
				CLANG_ANALYZER_NONNULL = YES;
				CLANG_ANALYZER_NUMBER_OBJECT_CONVERSION = YES_AGGRESSIVE;
				CLANG_CXX_LANGUAGE_STANDARD = "gnu++20";
				CLANG_ENABLE_MODULES = YES;
				CLANG_ENABLE_OBJC_ARC = YES;
				CLANG_ENABLE_OBJC_WEAK = YES;
				CLANG_WARN_BLOCK_CAPTURE_AUTORELEASING = YES;
				CLANG_WARN_BOOL_CONVERSION = YES;
				CLANG_WARN_COMMA = YES;
				CLANG_WARN_CONSTANT_CONVERSION = YES;
				CLANG_WARN_DEPRECATED_OBJC_IMPLEMENTATIONS = YES;
				CLANG_WARN_DIRECT_OBJC_ISA_USAGE = YES_ERROR;
				CLANG_WARN_DOCUMENTATION_COMMENTS = YES;
				CLANG_WARN_EMPTY_BODY = YES;
				CLANG_WARN_ENUM_CONVERSION = YES;
				CLANG_WARN_INFINITE_RECURSION = YES;
				CLANG_WARN_INT_CONVERSION = YES;
				CLANG_WARN_NON_LITERAL_NULL_CONVERSION = YES;
				CLANG_WARN_OBJC_IMPLICIT_RETAIN_SELF = YES;
				CLANG_WARN_OBJC_LITERAL_CONVERSION = YES;
				CLANG_WARN_OBJC_ROOT_CLASS = YES_ERROR;
				CLANG_WARN_QUOTED_INCLUDE_IN_FRAMEWORK_HEADER = YES;
				CLANG_WARN_RANGE_LOOP_ANALYSIS = YES;
				CLANG_WARN_STRICT_PROTOTYPES = YES;
				CLANG_WARN_SUSPICIOUS_MOVE = YES;
				CLANG_WARN_UNGUARDED_AVAILABILITY = YES_AGGRESSIVE;
				CLANG_WARN_UNREACHABLE_CODE = YES;
				CLANG_WARN__DUPLICATE_METHOD_MATCH = YES;
				COPY_PHASE_STRIP = NO;
				DEBUG_INFORMATION_FORMAT = dwarf;
				ENABLE_STRICT_OBJC_MSGSEND = YES;
				ENABLE_TESTABILITY = YES;
				GCC_C_LANGUAGE_STANDARD = gnu11;
				GCC_DYNAMIC_NO_PIC = NO;
				GCC_NO_COMMON_BLOCKS = YES;
				GCC_OPTIMIZATION_LEVEL = 0;
				GCC_PREPROCESSOR_DEFINITIONS = (
					"DEBUG=1",
					"$(inherited)",
				);
				GCC_WARN_64_TO_32_BIT_CONVERSION = YES;
				GCC_WARN_ABOUT_RETURN_TYPE = YES_ERROR;
				GCC_WARN_UNDECLARED_SELECTOR = YES;
				GCC_WARN_UNINITIALIZED_AUTOS = YES_AGGRESSIVE;
				GCC_WARN_UNUSED_FUNCTION = YES;
				GCC_WARN_UNUSED_VARIABLE = YES;
				IPHONEOS_DEPLOYMENT_TARGET = 16.0;
				MTL_ENABLE_DEBUG_INFO = INCLUDE_SOURCE;
				MTL_FAST_MATH = YES;
				ONLY_ACTIVE_ARCH = YES;
				SDKROOT = iphoneos;
				SWIFT_ACTIVE_COMPILATION_CONDITIONS = DEBUG;
				SWIFT_OPTIMIZATION_LEVEL = "-Onone";
			};
			name = Debug;
		};
		34DFE96129893AA8003EF567 /* Release */ = {
			isa = XCBuildConfiguration;
			buildSettings = {
				ALWAYS_SEARCH_USER_PATHS = NO;
				CLANG_ANALYZER_NONNULL = YES;
				CLANG_ANALYZER_NUMBER_OBJECT_CONVERSION = YES_AGGRESSIVE;
				CLANG_CXX_LANGUAGE_STANDARD = "gnu++20";
				CLANG_ENABLE_MODULES = YES;
				CLANG_ENABLE_OBJC_ARC = YES;
				CLANG_ENABLE_OBJC_WEAK = YES;
				CLANG_WARN_BLOCK_CAPTURE_AUTORELEASING = YES;
				CLANG_WARN_BOOL_CONVERSION = YES;
				CLANG_WARN_COMMA = YES;
				CLANG_WARN_CONSTANT_CONVERSION = YES;
				CLANG_WARN_DEPRECATED_OBJC_IMPLEMENTATIONS = YES;
				CLANG_WARN_DIRECT_OBJC_ISA_USAGE = YES_ERROR;
				CLANG_WARN_DOCUMENTATION_COMMENTS = YES;
				CLANG_WARN_EMPTY_BODY = YES;
				CLANG_WARN_ENUM_CONVERSION = YES;
				CLANG_WARN_INFINITE_RECURSION = YES;
				CLANG_WARN_INT_CONVERSION = YES;
				CLANG_WARN_NON_LITERAL_NULL_CONVERSION = YES;
				CLANG_WARN_OBJC_IMPLICIT_RETAIN_SELF = YES;
				CLANG_WARN_OBJC_LITERAL_CONVERSION = YES;
				CLANG_WARN_OBJC_ROOT_CLASS = YES_ERROR;
				CLANG_WARN_QUOTED_INCLUDE_IN_FRAMEWORK_HEADER = YES;
				CLANG_WARN_RANGE_LOOP_ANALYSIS = YES;
				CLANG_WARN_STRICT_PROTOTYPES = YES;
				CLANG_WARN_SUSPICIOUS_MOVE = YES;
				CLANG_WARN_UNGUARDED_AVAILABILITY = YES_AGGRESSIVE;
				CLANG_WARN_UNREACHABLE_CODE = YES;
				CLANG_WARN__DUPLICATE_METHOD_MATCH = YES;
				COPY_PHASE_STRIP = NO;
				DEBUG_INFORMATION_FORMAT = "dwarf-with-dsym";
				ENABLE_NS_ASSERTIONS = NO;
				ENABLE_STRICT_OBJC_MSGSEND = YES;
				GCC_C_LANGUAGE_STANDARD = gnu11;
				GCC_NO_COMMON_BLOCKS = YES;
				GCC_WARN_64_TO_32_BIT_CONVERSION = YES;
				GCC_WARN_ABOUT_RETURN_TYPE = YES_ERROR;
				GCC_WARN_UNDECLARED_SELECTOR = YES;
				GCC_WARN_UNINITIALIZED_AUTOS = YES_AGGRESSIVE;
				GCC_WARN_UNUSED_FUNCTION = YES;
				GCC_WARN_UNUSED_VARIABLE = YES;
				IPHONEOS_DEPLOYMENT_TARGET = 16.0;
				MTL_ENABLE_DEBUG_INFO = NO;
				MTL_FAST_MATH = YES;
				SDKROOT = iphoneos;
				SWIFT_COMPILATION_MODE = wholemodule;
				SWIFT_OPTIMIZATION_LEVEL = "-O";
				VALIDATE_PRODUCT = YES;
			};
			name = Release;
		};
		34DFE96329893AA8003EF567 /* Debug */ = {
			isa = XCBuildConfiguration;
			baseConfigurationReference = 7F1E8217E1B999D1306323D8 /* Pods-MyBookReader.debug.xcconfig */;
			buildSettings = {
				ASSETCATALOG_COMPILER_APPICON_NAME = AppIcon;
				ASSETCATALOG_COMPILER_GLOBAL_ACCENT_COLOR_NAME = AccentColor;
				CODE_SIGN_STYLE = Automatic;
				CURRENT_PROJECT_VERSION = 1;
				DEVELOPMENT_TEAM = 88TQA3256J;
				GENERATE_INFOPLIST_FILE = YES;
				INFOPLIST_FILE = MyBookReader/Info.plist;
				INFOPLIST_KEY_UIApplicationSupportsIndirectInputEvents = YES;
				INFOPLIST_KEY_UILaunchStoryboardName = LaunchScreen;
				INFOPLIST_KEY_UIMainStoryboardFile = Main;
				INFOPLIST_KEY_UISupportedInterfaceOrientations_iPad = "UIInterfaceOrientationPortrait UIInterfaceOrientationPortraitUpsideDown UIInterfaceOrientationLandscapeLeft UIInterfaceOrientationLandscapeRight";
				INFOPLIST_KEY_UISupportedInterfaceOrientations_iPhone = "UIInterfaceOrientationPortrait UIInterfaceOrientationLandscapeLeft UIInterfaceOrientationLandscapeRight";
				IPHONEOS_DEPLOYMENT_TARGET = 15.6;
				LD_RUNPATH_SEARCH_PATHS = (
					"$(inherited)",
					"@executable_path/Frameworks",
				);
				MARKETING_VERSION = 1.0;
				PRODUCT_BUNDLE_IDENTIFIER = com.FRMobile.MyBookReader;
				PRODUCT_NAME = "$(TARGET_NAME)";
				SWIFT_EMIT_LOC_STRINGS = YES;
				SWIFT_VERSION = 5.0;
				TARGETED_DEVICE_FAMILY = "1,2";
			};
			name = Debug;
		};
		34DFE96429893AA8003EF567 /* Release */ = {
			isa = XCBuildConfiguration;
			baseConfigurationReference = 000CBC2DC85C2D05E09875B0 /* Pods-MyBookReader.release.xcconfig */;
			buildSettings = {
				ASSETCATALOG_COMPILER_APPICON_NAME = AppIcon;
				ASSETCATALOG_COMPILER_GLOBAL_ACCENT_COLOR_NAME = AccentColor;
				CODE_SIGN_STYLE = Automatic;
				CURRENT_PROJECT_VERSION = 1;
				DEVELOPMENT_TEAM = 88TQA3256J;
				GENERATE_INFOPLIST_FILE = YES;
				INFOPLIST_FILE = MyBookReader/Info.plist;
				INFOPLIST_KEY_UIApplicationSupportsIndirectInputEvents = YES;
				INFOPLIST_KEY_UILaunchStoryboardName = LaunchScreen;
				INFOPLIST_KEY_UIMainStoryboardFile = Main;
				INFOPLIST_KEY_UISupportedInterfaceOrientations_iPad = "UIInterfaceOrientationPortrait UIInterfaceOrientationPortraitUpsideDown UIInterfaceOrientationLandscapeLeft UIInterfaceOrientationLandscapeRight";
				INFOPLIST_KEY_UISupportedInterfaceOrientations_iPhone = "UIInterfaceOrientationPortrait UIInterfaceOrientationLandscapeLeft UIInterfaceOrientationLandscapeRight";
				IPHONEOS_DEPLOYMENT_TARGET = 15.6;
				LD_RUNPATH_SEARCH_PATHS = (
					"$(inherited)",
					"@executable_path/Frameworks",
				);
				MARKETING_VERSION = 1.0;
				PRODUCT_BUNDLE_IDENTIFIER = com.FRMobile.MyBookReader;
				PRODUCT_NAME = "$(TARGET_NAME)";
				SWIFT_EMIT_LOC_STRINGS = YES;
				SWIFT_VERSION = 5.0;
				TARGETED_DEVICE_FAMILY = "1,2";
			};
			name = Release;
		};
/* End XCBuildConfiguration section */

/* Begin XCConfigurationList section */
		34DFE94929893AA6003EF567 /* Build configuration list for PBXProject "MyBookReader" */ = {
			isa = XCConfigurationList;
			buildConfigurations = (
				34DFE96029893AA8003EF567 /* Debug */,
				34DFE96129893AA8003EF567 /* Release */,
			);
			defaultConfigurationIsVisible = 0;
			defaultConfigurationName = Release;
		};
		34DFE96229893AA8003EF567 /* Build configuration list for PBXNativeTarget "MyBookReader" */ = {
			isa = XCConfigurationList;
			buildConfigurations = (
				34DFE96329893AA8003EF567 /* Debug */,
				34DFE96429893AA8003EF567 /* Release */,
			);
			defaultConfigurationIsVisible = 0;
			defaultConfigurationName = Release;
		};
/* End XCConfigurationList section */
	};
	rootObject = 34DFE94629893AA6003EF567 /* Project object */;
}
